PODS:
  - J2ObjC-Framework (1.0.2.2)
  - SubSpecA (1.0.0):
    - SubSpecUnified
  - SubSpecB (1.0.0):
    - SubSpecUnified
  - SubSpecUnified (1.0.0):
    - J2ObjC-Framework

DEPENDENCIES:
  - J2ObjC-Framework
  - SubSpecA (from `./SubSpecA`)
  - SubSpecB (from `./SubSpecB`)
  - SubSpecUnified (from `./SubSpecUnified`)

EXTERNAL SOURCES:
  SubSpecA:
    :path: "./SubSpecA"
  SubSpecB:
    :path: "./SubSpecB"
  SubSpecUnified:
    :path: "./SubSpecUnified"

SPEC CHECKSUMS:
  J2ObjC-Framework: 7b9e97ac76ebbabbdb11997948e216dab5af0296
  SubSpecA: 6cbf789c0f1c5f7d9b810ccf22e649355a6a677d
  SubSpecB: ddba4871873bd9f9f4d1ded97c613e731192e8c9
  SubSpecUnified: 671d543e7bf47cf780e5485195d031a07e56a453

PODFILE CHECKSUM: c836f550ab2f713bccbc19e4c369e2563002b732

COCOAPODS: 1.0.1
