// !$*UTF8*$!
{
	archiveVersion = 1;
	classes = {
	};
	objectVersion = 46;
	objects = {

/* Begin PBXBuildFile section */
		1B8B1DEE37C4F863AA625975 /* Pods_J2ObjCTest.framework in Frameworks */ = {isa = PBXBuildFile; fileRef = BA397F5931CD76C5B25C73B6 /* Pods_J2ObjCTest.framework */; };
		1E3F7E470140918BC53E9396 /* Pods_J2ObjCTestTests.framework in Frameworks */ = {isa = PBXBuildFile; fileRef = C83B3D8344CD9C30037E7B35 /* Pods_J2ObjCTestTests.framework */; };
		2004EDEC1D7F005300098077 /* libz.tbd in Frameworks */ = {isa = PBXBuildFile; fileRef = 2004EDEB1D7F005300098077 /* libz.tbd */; };
		2004EDEE1D7F005A00098077 /* Security.framework in Frameworks */ = {isa = PBXBuildFile; fileRef = 2004EDED1D7F005A00098077 /* Security.framework */; };
		207C3CEA1D7ECA69002B24C6 /* main.m in Sources */ = {isa = PBXBuildFile; fileRef = 207C3CE91D7ECA69002B24C6 /* main.m */; };
		207C3CED1D7ECA69002B24C6 /* AppDelegate.m in Sources */ = {isa = PBXBuildFile; fileRef = 207C3CEC1D7ECA69002B24C6 /* AppDelegate.m */; };
		207C3CF01D7ECA69002B24C6 /* ViewController.m in Sources */ = {isa = PBXBuildFile; fileRef = 207C3CEF1D7ECA69002B24C6 /* ViewController.m */; };
		207C3CF31D7ECA69002B24C6 /* Main.storyboard in Resources */ = {isa = PBXBuildFile; fileRef = 207C3CF11D7ECA69002B24C6 /* Main.storyboard */; };
		207C3CF51D7ECA69002B24C6 /* Assets.xcassets in Resources */ = {isa = PBXBuildFile; fileRef = 207C3CF41D7ECA69002B24C6 /* Assets.xcassets */; };
		207C3CF81D7ECA69002B24C6 /* LaunchScreen.storyboard in Resources */ = {isa = PBXBuildFile; fileRef = 207C3CF61D7ECA69002B24C6 /* LaunchScreen.storyboard */; };
		207C3D031D7ECA69002B24C6 /* J2ObjCTestTests.m in Sources */ = {isa = PBXBuildFile; fileRef = 207C3D021D7ECA69002B24C6 /* J2ObjCTestTests.m */; };
		207C3D0E1D7ECA69002B24C6 /* J2ObjCTestUITests.m in Sources */ = {isa = PBXBuildFile; fileRef = 207C3D0D1D7ECA69002B24C6 /* J2ObjCTestUITests.m */; };
/* End PBXBuildFile section */

/* Begin PBXContainerItemProxy section */
		207C3CFF1D7ECA69002B24C6 /* PBXContainerItemProxy */ = {
			isa = PBXContainerItemProxy;
			containerPortal = 207C3CDD1D7ECA69002B24C6 /* Project object */;
			proxyType = 1;
			remoteGlobalIDString = 207C3CE41D7ECA69002B24C6;
			remoteInfo = J2ObjCTest;
		};
		207C3D0A1D7ECA69002B24C6 /* PBXContainerItemProxy */ = {
			isa = PBXContainerItemProxy;
			containerPortal = 207C3CDD1D7ECA69002B24C6 /* Project object */;
			proxyType = 1;
			remoteGlobalIDString = 207C3CE41D7ECA69002B24C6;
			remoteInfo = J2ObjCTest;
		};
/* End PBXContainerItemProxy section */

/* Begin PBXFileReference section */
		2004EDEB1D7F005300098077 /* libz.tbd */ = {isa = PBXFileReference; lastKnownFileType = "sourcecode.text-based-dylib-definition"; name = libz.tbd; path = usr/lib/libz.tbd; sourceTree = SDKROOT; };
		2004EDED1D7F005A00098077 /* Security.framework */ = {isa = PBXFileReference; lastKnownFileType = wrapper.framework; name = Security.framework; path = System/Library/Frameworks/Security.framework; sourceTree = SDKROOT; };
		207C3CE51D7ECA69002B24C6 /* J2ObjCTest.app */ = {isa = PBXFileReference; explicitFileType = wrapper.application; includeInIndex = 0; path = J2ObjCTest.app; sourceTree = BUILT_PRODUCTS_DIR; };
		207C3CE91D7ECA69002B24C6 /* main.m */ = {isa = PBXFileReference; lastKnownFileType = sourcecode.c.objc; path = main.m; sourceTree = "<group>"; };
		207C3CEB1D7ECA69002B24C6 /* AppDelegate.h */ = {isa = PBXFileReference; lastKnownFileType = sourcecode.c.h; path = AppDelegate.h; sourceTree = "<group>"; };
		207C3CEC1D7ECA69002B24C6 /* AppDelegate.m */ = {isa = PBXFileReference; lastKnownFileType = sourcecode.c.objc; path = AppDelegate.m; sourceTree = "<group>"; };
		207C3CEE1D7ECA69002B24C6 /* ViewController.h */ = {isa = PBXFileReference; lastKnownFileType = sourcecode.c.h; path = ViewController.h; sourceTree = "<group>"; };
		207C3CEF1D7ECA69002B24C6 /* ViewController.m */ = {isa = PBXFileReference; lastKnownFileType = sourcecode.c.objc; path = ViewController.m; sourceTree = "<group>"; };
		207C3CF21D7ECA69002B24C6 /* Base */ = {isa = PBXFileReference; lastKnownFileType = file.storyboard; name = Base; path = Base.lproj/Main.storyboard; sourceTree = "<group>"; };
		207C3CF41D7ECA69002B24C6 /* Assets.xcassets */ = {isa = PBXFileReference; lastKnownFileType = folder.assetcatalog; path = Assets.xcassets; sourceTree = "<group>"; };
		207C3CF71D7ECA69002B24C6 /* Base */ = {isa = PBXFileReference; lastKnownFileType = file.storyboard; name = Base; path = Base.lproj/LaunchScreen.storyboard; sourceTree = "<group>"; };
		207C3CF91D7ECA69002B24C6 /* Info.plist */ = {isa = PBXFileReference; lastKnownFileType = text.plist.xml; path = Info.plist; sourceTree = "<group>"; };
		207C3CFE1D7ECA69002B24C6 /* J2ObjCTestTests.xctest */ = {isa = PBXFileReference; explicitFileType = wrapper.cfbundle; includeInIndex = 0; path = J2ObjCTestTests.xctest; sourceTree = BUILT_PRODUCTS_DIR; };
		207C3D021D7ECA69002B24C6 /* J2ObjCTestTests.m */ = {isa = PBXFileReference; lastKnownFileType = sourcecode.c.objc; path = J2ObjCTestTests.m; sourceTree = "<group>"; };
		207C3D041D7ECA69002B24C6 /* Info.plist */ = {isa = PBXFileReference; lastKnownFileType = text.plist.xml; path = Info.plist; sourceTree = "<group>"; };
		207C3D091D7ECA69002B24C6 /* J2ObjCTestUITests.xctest */ = {isa = PBXFileReference; explicitFileType = wrapper.cfbundle; includeInIndex = 0; path = J2ObjCTestUITests.xctest; sourceTree = BUILT_PRODUCTS_DIR; };
		207C3D0D1D7ECA69002B24C6 /* J2ObjCTestUITests.m */ = {isa = PBXFileReference; lastKnownFileType = sourcecode.c.objc; path = J2ObjCTestUITests.m; sourceTree = "<group>"; };
		207C3D0F1D7ECA69002B24C6 /* Info.plist */ = {isa = PBXFileReference; lastKnownFileType = text.plist.xml; path = Info.plist; sourceTree = "<group>"; };
		6A148D9205A9F96C11322180 /* Pods-J2ObjCTest.debug.xcconfig */ = {isa = PBXFileReference; includeInIndex = 1; lastKnownFileType = text.xcconfig; name = "Pods-J2ObjCTest.debug.xcconfig"; path = "Pods/Target Support Files/Pods-J2ObjCTest/Pods-J2ObjCTest.debug.xcconfig"; sourceTree = "<group>"; };
		6C621CB3F02D441DE5BE96CB /* Pods-J2ObjCTestTests.release.xcconfig */ = {isa = PBXFileReference; includeInIndex = 1; lastKnownFileType = text.xcconfig; name = "Pods-J2ObjCTestTests.release.xcconfig"; path = "Pods/Target Support Files/Pods-J2ObjCTestTests/Pods-J2ObjCTestTests.release.xcconfig"; sourceTree = "<group>"; };
		BA397F5931CD76C5B25C73B6 /* Pods_J2ObjCTest.framework */ = {isa = PBXFileReference; explicitFileType = wrapper.framework; includeInIndex = 0; path = Pods_J2ObjCTest.framework; sourceTree = BUILT_PRODUCTS_DIR; };
		C5096079BF5A232DE882453F /* Pods-J2ObjCTest.release.xcconfig */ = {isa = PBXFileReference; includeInIndex = 1; lastKnownFileType = text.xcconfig; name = "Pods-J2ObjCTest.release.xcconfig"; path = "Pods/Target Support Files/Pods-J2ObjCTest/Pods-J2ObjCTest.release.xcconfig"; sourceTree = "<group>"; };
		C643ADC664B39368260BB108 /* Pods-J2ObjCTestTests.debug.xcconfig */ = {isa = PBXFileReference; includeInIndex = 1; lastKnownFileType = text.xcconfig; name = "Pods-J2ObjCTestTests.debug.xcconfig"; path = "Pods/Target Support Files/Pods-J2ObjCTestTests/Pods-J2ObjCTestTests.debug.xcconfig"; sourceTree = "<group>"; };
		C83B3D8344CD9C30037E7B35 /* Pods_J2ObjCTestTests.framework */ = {isa = PBXFileReference; explicitFileType = wrapper.framework; includeInIndex = 0; path = Pods_J2ObjCTestTests.framework; sourceTree = BUILT_PRODUCTS_DIR; };
/* End PBXFileReference section */

/* Begin PBXFrameworksBuildPhase section */
		207C3CE21D7ECA69002B24C6 /* Frameworks */ = {
			isa = PBXFrameworksBuildPhase;
			buildActionMask = 2147483647;
			files = (
				2004EDEE1D7F005A00098077 /* Security.framework in Frameworks */,
				2004EDEC1D7F005300098077 /* libz.tbd in Frameworks */,
				1B8B1DEE37C4F863AA625975 /* Pods_J2ObjCTest.framework in Frameworks */,
			);
			runOnlyForDeploymentPostprocessing = 0;
		};
		207C3CFB1D7ECA69002B24C6 /* Frameworks */ = {
			isa = PBXFrameworksBuildPhase;
			buildActionMask = 2147483647;
			files = (
				1E3F7E470140918BC53E9396 /* Pods_J2ObjCTestTests.framework in Frameworks */,
			);
			runOnlyForDeploymentPostprocessing = 0;
		};
		207C3D061D7ECA69002B24C6 /* Frameworks */ = {
			isa = PBXFrameworksBuildPhase;
			buildActionMask = 2147483647;
			files = (
			);
			runOnlyForDeploymentPostprocessing = 0;
		};
/* End PBXFrameworksBuildPhase section */

/* Begin PBXGroup section */
		207C3CDC1D7ECA69002B24C6 = {
			isa = PBXGroup;
			children = (
				207C3CE71D7ECA69002B24C6 /* J2ObjCTest */,
				207C3D011D7ECA69002B24C6 /* J2ObjCTestTests */,
				207C3D0C1D7ECA69002B24C6 /* J2ObjCTestUITests */,
				207C3CE61D7ECA69002B24C6 /* Products */,
				314EA882E0E6641EE73385FC /* Pods */,
				991BA84D0BA7A59A07566D5B /* Frameworks */,
			);
			sourceTree = "<group>";
		};
		207C3CE61D7ECA69002B24C6 /* Products */ = {
			isa = PBXGroup;
			children = (
				207C3CE51D7ECA69002B24C6 /* J2ObjCTest.app */,
				207C3CFE1D7ECA69002B24C6 /* J2ObjCTestTests.xctest */,
				207C3D091D7ECA69002B24C6 /* J2ObjCTestUITests.xctest */,
			);
			name = Products;
			sourceTree = "<group>";
		};
		207C3CE71D7ECA69002B24C6 /* J2ObjCTest */ = {
			isa = PBXGroup;
			children = (
				207C3CEB1D7ECA69002B24C6 /* AppDelegate.h */,
				207C3CEC1D7ECA69002B24C6 /* AppDelegate.m */,
				207C3CEE1D7ECA69002B24C6 /* ViewController.h */,
				207C3CEF1D7ECA69002B24C6 /* ViewController.m */,
				207C3CF11D7ECA69002B24C6 /* Main.storyboard */,
				207C3CF41D7ECA69002B24C6 /* Assets.xcassets */,
				207C3CF61D7ECA69002B24C6 /* LaunchScreen.storyboard */,
				207C3CF91D7ECA69002B24C6 /* Info.plist */,
				207C3CE81D7ECA69002B24C6 /* Supporting Files */,
			);
			path = J2ObjCTest;
			sourceTree = "<group>";
		};
		207C3CE81D7ECA69002B24C6 /* Supporting Files */ = {
			isa = PBXGroup;
			children = (
				207C3CE91D7ECA69002B24C6 /* main.m */,
			);
			name = "Supporting Files";
			sourceTree = "<group>";
		};
		207C3D011D7ECA69002B24C6 /* J2ObjCTestTests */ = {
			isa = PBXGroup;
			children = (
				207C3D021D7ECA69002B24C6 /* J2ObjCTestTests.m */,
				207C3D041D7ECA69002B24C6 /* Info.plist */,
			);
			path = J2ObjCTestTests;
			sourceTree = "<group>";
		};
		207C3D0C1D7ECA69002B24C6 /* J2ObjCTestUITests */ = {
			isa = PBXGroup;
			children = (
				207C3D0D1D7ECA69002B24C6 /* J2ObjCTestUITests.m */,
				207C3D0F1D7ECA69002B24C6 /* Info.plist */,
			);
			path = J2ObjCTestUITests;
			sourceTree = "<group>";
		};
		314EA882E0E6641EE73385FC /* Pods */ = {
			isa = PBXGroup;
			children = (
				6A148D9205A9F96C11322180 /* Pods-J2ObjCTest.debug.xcconfig */,
				C5096079BF5A232DE882453F /* Pods-J2ObjCTest.release.xcconfig */,
				C643ADC664B39368260BB108 /* Pods-J2ObjCTestTests.debug.xcconfig */,
				6C621CB3F02D441DE5BE96CB /* Pods-J2ObjCTestTests.release.xcconfig */,
			);
			name = Pods;
			sourceTree = "<group>";
		};
		991BA84D0BA7A59A07566D5B /* Frameworks */ = {
			isa = PBXGroup;
			children = (
				2004EDED1D7F005A00098077 /* Security.framework */,
				2004EDEB1D7F005300098077 /* libz.tbd */,
				BA397F5931CD76C5B25C73B6 /* Pods_J2ObjCTest.framework */,
				C83B3D8344CD9C30037E7B35 /* Pods_J2ObjCTestTests.framework */,
			);
			name = Frameworks;
			sourceTree = "<group>";
		};
/* End PBXGroup section */

/* Begin PBXNativeTarget section */
		207C3CE41D7ECA69002B24C6 /* J2ObjCTest */ = {
			isa = PBXNativeTarget;
			buildConfigurationList = 207C3D121D7ECA69002B24C6 /* Build configuration list for PBXNativeTarget "J2ObjCTest" */;
			buildPhases = (
				1A9A61F3B2235FA5F06D747B /* [CP] Check Pods Manifest.lock */,
				207C3CE11D7ECA69002B24C6 /* Sources */,
				207C3CE21D7ECA69002B24C6 /* Frameworks */,
				207C3CE31D7ECA69002B24C6 /* Resources */,
				1C8938C47377D67BD3A3312A /* [CP] Embed Pods Frameworks */,
				24926C1656806F8A3BF00AC0 /* [CP] Copy Pods Resources */,
			);
			buildRules = (
			);
			dependencies = (
			);
			name = J2ObjCTest;
			productName = J2ObjCTest;
			productReference = 207C3CE51D7ECA69002B24C6 /* J2ObjCTest.app */;
			productType = "com.apple.product-type.application";
		};
		207C3CFD1D7ECA69002B24C6 /* J2ObjCTestTests */ = {
			isa = PBXNativeTarget;
			buildConfigurationList = 207C3D151D7ECA69002B24C6 /* Build configuration list for PBXNativeTarget "J2ObjCTestTests" */;
			buildPhases = (
				2459A60B66543216FDA2F833 /* [CP] Check Pods Manifest.lock */,
				207C3CFA1D7ECA69002B24C6 /* Sources */,
				207C3CFB1D7ECA69002B24C6 /* Frameworks */,
				207C3CFC1D7ECA69002B24C6 /* Resources */,
				A18301A764DE0B08FE2CB756 /* [CP] Embed Pods Frameworks */,
				A24B17BB06B483528305B04E /* [CP] Copy Pods Resources */,
			);
			buildRules = (
			);
			dependencies = (
				207C3D001D7ECA69002B24C6 /* PBXTargetDependency */,
			);
			name = J2ObjCTestTests;
			productName = J2ObjCTestTests;
			productReference = 207C3CFE1D7ECA69002B24C6 /* J2ObjCTestTests.xctest */;
			productType = "com.apple.product-type.bundle.unit-test";
		};
		207C3D081D7ECA69002B24C6 /* J2ObjCTestUITests */ = {
			isa = PBXNativeTarget;
			buildConfigurationList = 207C3D181D7ECA69002B24C6 /* Build configuration list for PBXNativeTarget "J2ObjCTestUITests" */;
			buildPhases = (
				207C3D051D7ECA69002B24C6 /* Sources */,
				207C3D061D7ECA69002B24C6 /* Frameworks */,
				207C3D071D7ECA69002B24C6 /* Resources */,
			);
			buildRules = (
			);
			dependencies = (
				207C3D0B1D7ECA69002B24C6 /* PBXTargetDependency */,
			);
			name = J2ObjCTestUITests;
			productName = J2ObjCTestUITests;
			productReference = 207C3D091D7ECA69002B24C6 /* J2ObjCTestUITests.xctest */;
			productType = "com.apple.product-type.bundle.ui-testing";
		};
/* End PBXNativeTarget section */

/* Begin PBXProject section */
		207C3CDD1D7ECA69002B24C6 /* Project object */ = {
			isa = PBXProject;
			attributes = {
				LastUpgradeCheck = 0730;
				ORGANIZATIONNAME = "Gijs van Veen";
				TargetAttributes = {
					207C3CE41D7ECA69002B24C6 = {
						CreatedOnToolsVersion = 7.3.1;
					};
					207C3CFD1D7ECA69002B24C6 = {
						CreatedOnToolsVersion = 7.3.1;
						TestTargetID = 207C3CE41D7ECA69002B24C6;
					};
					207C3D081D7ECA69002B24C6 = {
						CreatedOnToolsVersion = 7.3.1;
						TestTargetID = 207C3CE41D7ECA69002B24C6;
					};
				};
			};
			buildConfigurationList = 207C3CE01D7ECA69002B24C6 /* Build configuration list for PBXProject "J2ObjCTest" */;
			compatibilityVersion = "Xcode 3.2";
			developmentRegion = English;
			hasScannedForEncodings = 0;
			knownRegions = (
				en,
				Base,
			);
			mainGroup = 207C3CDC1D7ECA69002B24C6;
			productRefGroup = 207C3CE61D7ECA69002B24C6 /* Products */;
			projectDirPath = "";
			projectRoot = "";
			targets = (
				207C3CE41D7ECA69002B24C6 /* J2ObjCTest */,
				207C3CFD1D7ECA69002B24C6 /* J2ObjCTestTests */,
				207C3D081D7ECA69002B24C6 /* J2ObjCTestUITests */,
			);
		};
/* End PBXProject section */

/* Begin PBXResourcesBuildPhase section */
		207C3CE31D7ECA69002B24C6 /* Resources */ = {
			isa = PBXResourcesBuildPhase;
			buildActionMask = 2147483647;
			files = (
				207C3CF81D7ECA69002B24C6 /* LaunchScreen.storyboard in Resources */,
				207C3CF51D7ECA69002B24C6 /* Assets.xcassets in Resources */,
				207C3CF31D7ECA69002B24C6 /* Main.storyboard in Resources */,
			);
			runOnlyForDeploymentPostprocessing = 0;
		};
		207C3CFC1D7ECA69002B24C6 /* Resources */ = {
			isa = PBXResourcesBuildPhase;
			buildActionMask = 2147483647;
			files = (
			);
			runOnlyForDeploymentPostprocessing = 0;
		};
		207C3D071D7ECA69002B24C6 /* Resources */ = {
			isa = PBXResourcesBuildPhase;
			buildActionMask = 2147483647;
			files = (
			);
			runOnlyForDeploymentPostprocessing = 0;
		};
/* End PBXResourcesBuildPhase section */

/* Begin PBXShellScriptBuildPhase section */
		1A9A61F3B2235FA5F06D747B /* [CP] Check Pods Manifest.lock */ = {
			isa = PBXShellScriptBuildPhase;
			buildActionMask = 2147483647;
			files = (
			);
			inputPaths = (
			);
			name = "[CP] Check Pods Manifest.lock";
			outputPaths = (
			);
			runOnlyForDeploymentPostprocessing = 0;
			shellPath = /bin/sh;
			shellScript = "diff \"${PODS_ROOT}/../Podfile.lock\" \"${PODS_ROOT}/Manifest.lock\" > /dev/null\nif [[ $? != 0 ]] ; then\n    cat << EOM\nerror: The sandbox is not in sync with the Podfile.lock. Run 'pod install' or update your CocoaPods installation.\nEOM\n    exit 1\nfi\n";
			showEnvVarsInLog = 0;
		};
		1C8938C47377D67BD3A3312A /* [CP] Embed Pods Frameworks */ = {
			isa = PBXShellScriptBuildPhase;
			buildActionMask = 2147483647;
			files = (
			);
			inputPaths = (
			);
			name = "[CP] Embed Pods Frameworks";
			outputPaths = (
			);
			runOnlyForDeploymentPostprocessing = 0;
			shellPath = /bin/sh;
			shellScript = "\"${SRCROOT}/Pods/Target Support Files/Pods-J2ObjCTest/Pods-J2ObjCTest-frameworks.sh\"\n";
			showEnvVarsInLog = 0;
		};
		2459A60B66543216FDA2F833 /* [CP] Check Pods Manifest.lock */ = {
			isa = PBXShellScriptBuildPhase;
			buildActionMask = 2147483647;
			files = (
			);
			inputPaths = (
			);
			name = "[CP] Check Pods Manifest.lock";
			outputPaths = (
			);
			runOnlyForDeploymentPostprocessing = 0;
			shellPath = /bin/sh;
			shellScript = "diff \"${PODS_ROOT}/../Podfile.lock\" \"${PODS_ROOT}/Manifest.lock\" > /dev/null\nif [[ $? != 0 ]] ; then\n    cat << EOM\nerror: The sandbox is not in sync with the Podfile.lock. Run 'pod install' or update your CocoaPods installation.\nEOM\n    exit 1\nfi\n";
			showEnvVarsInLog = 0;
		};
		24926C1656806F8A3BF00AC0 /* [CP] Copy Pods Resources */ = {
			isa = PBXShellScriptBuildPhase;
			buildActionMask = 2147483647;
			files = (
			);
			inputPaths = (
			);
			name = "[CP] Copy Pods Resources";
			outputPaths = (
			);
			runOnlyForDeploymentPostprocessing = 0;
			shellPath = /bin/sh;
			shellScript = "\"${SRCROOT}/Pods/Target Support Files/Pods-J2ObjCTest/Pods-J2ObjCTest-resources.sh\"\n";
			showEnvVarsInLog = 0;
		};
		A18301A764DE0B08FE2CB756 /* [CP] Embed Pods Frameworks */ = {
			isa = PBXShellScriptBuildPhase;
			buildActionMask = 2147483647;
			files = (
			);
			inputPaths = (
			);
			name = "[CP] Embed Pods Frameworks";
			outputPaths = (
			);
			runOnlyForDeploymentPostprocessing = 0;
			shellPath = /bin/sh;
			shellScript = "\"${SRCROOT}/Pods/Target Support Files/Pods-J2ObjCTestTests/Pods-J2ObjCTestTests-frameworks.sh\"\n";
			showEnvVarsInLog = 0;
		};
		A24B17BB06B483528305B04E /* [CP] Copy Pods Resources */ = {
			isa = PBXShellScriptBuildPhase;
			buildActionMask = 2147483647;
			files = (
			);
			inputPaths = (
			);
			name = "[CP] Copy Pods Resources";
			outputPaths = (
			);
			runOnlyForDeploymentPostprocessing = 0;
			shellPath = /bin/sh;
			shellScript = "\"${SRCROOT}/Pods/Target Support Files/Pods-J2ObjCTestTests/Pods-J2ObjCTestTests-resources.sh\"\n";
			showEnvVarsInLog = 0;
		};
/* End PBXShellScriptBuildPhase section */

/* Begin PBXSourcesBuildPhase section */
		207C3CE11D7ECA69002B24C6 /* Sources */ = {
			isa = PBXSourcesBuildPhase;
			buildActionMask = 2147483647;
			files = (
				207C3CF01D7ECA69002B24C6 /* ViewController.m in Sources */,
				207C3CED1D7ECA69002B24C6 /* AppDelegate.m in Sources */,
				207C3CEA1D7ECA69002B24C6 /* main.m in Sources */,
			);
			runOnlyForDeploymentPostprocessing = 0;
		};
		207C3CFA1D7ECA69002B24C6 /* Sources */ = {
			isa = PBXSourcesBuildPhase;
			buildActionMask = 2147483647;
			files = (
				207C3D031D7ECA69002B24C6 /* J2ObjCTestTests.m in Sources */,
			);
			runOnlyForDeploymentPostprocessing = 0;
		};
		207C3D051D7ECA69002B24C6 /* Sources */ = {
			isa = PBXSourcesBuildPhase;
			buildActionMask = 2147483647;
			files = (
				207C3D0E1D7ECA69002B24C6 /* J2ObjCTestUITests.m in Sources */,
			);
			runOnlyForDeploymentPostprocessing = 0;
		};
/* End PBXSourcesBuildPhase section */

/* Begin PBXTargetDependency section */
		207C3D001D7ECA69002B24C6 /* PBXTargetDependency */ = {
			isa = PBXTargetDependency;
			target = 207C3CE41D7ECA69002B24C6 /* J2ObjCTest */;
			targetProxy = 207C3CFF1D7ECA69002B24C6 /* PBXContainerItemProxy */;
		};
		207C3D0B1D7ECA69002B24C6 /* PBXTargetDependency */ = {
			isa = PBXTargetDependency;
			target = 207C3CE41D7ECA69002B24C6 /* J2ObjCTest */;
			targetProxy = 207C3D0A1D7ECA69002B24C6 /* PBXContainerItemProxy */;
		};
/* End PBXTargetDependency section */

/* Begin PBXVariantGroup section */
		207C3CF11D7ECA69002B24C6 /* Main.storyboard */ = {
			isa = PBXVariantGroup;
			children = (
				207C3CF21D7ECA69002B24C6 /* Base */,
			);
			name = Main.storyboard;
			sourceTree = "<group>";
		};
		207C3CF61D7ECA69002B24C6 /* LaunchScreen.storyboard */ = {
			isa = PBXVariantGroup;
			children = (
				207C3CF71D7ECA69002B24C6 /* Base */,
			);
			name = LaunchScreen.storyboard;
			sourceTree = "<group>";
		};
/* End PBXVariantGroup section */

/* Begin XCBuildConfiguration section */
		207C3D101D7ECA69002B24C6 /* Debug */ = {
			isa = XCBuildConfiguration;
			buildSettings = {
				ALWAYS_SEARCH_USER_PATHS = NO;
				CLANG_ANALYZER_NONNULL = YES;
				CLANG_CXX_LANGUAGE_STANDARD = "gnu++0x";
				CLANG_CXX_LIBRARY = "libc++";
				CLANG_ENABLE_MODULES = YES;
				CLANG_ENABLE_OBJC_ARC = YES;
				CLANG_WARN_BOOL_CONVERSION = YES;
				CLANG_WARN_CONSTANT_CONVERSION = YES;
				CLANG_WARN_DIRECT_OBJC_ISA_USAGE = YES_ERROR;
				CLANG_WARN_EMPTY_BODY = YES;
				CLANG_WARN_ENUM_CONVERSION = YES;
				CLANG_WARN_INT_CONVERSION = YES;
				CLANG_WARN_OBJC_ROOT_CLASS = YES_ERROR;
				CLANG_WARN_UNREACHABLE_CODE = YES;
				CLANG_WARN__DUPLICATE_METHOD_MATCH = YES;
				"CODE_SIGN_IDENTITY[sdk=iphoneos*]" = "iPhone Developer";
				COPY_PHASE_STRIP = NO;
				DEBUG_INFORMATION_FORMAT = dwarf;
				ENABLE_STRICT_OBJC_MSGSEND = YES;
				ENABLE_TESTABILITY = YES;
				GCC_C_LANGUAGE_STANDARD = gnu99;
				GCC_DYNAMIC_NO_PIC = NO;
				GCC_NO_COMMON_BLOCKS = YES;
				GCC_OPTIMIZATION_LEVEL = 0;
				GCC_PREPROCESSOR_DEFINITIONS = (
					"DEBUG=1",
					"$(inherited)",
				);
				GCC_WARN_64_TO_32_BIT_CONVERSION = YES;
				GCC_WARN_ABOUT_RETURN_TYPE = YES_ERROR;
				GCC_WARN_UNDECLARED_SELECTOR = YES;
				GCC_WARN_UNINITIALIZED_AUTOS = YES_AGGRESSIVE;
				GCC_WARN_UNUSED_FUNCTION = YES;
				GCC_WARN_UNUSED_VARIABLE = YES;
				IPHONEOS_DEPLOYMENT_TARGET = 9.3;
				MTL_ENABLE_DEBUG_INFO = YES;
				ONLY_ACTIVE_ARCH = YES;
				SDKROOT = iphoneos;
				TARGETED_DEVICE_FAMILY = "1,2";
			};
			name = Debug;
		};
		207C3D111D7ECA69002B24C6 /* Release */ = {
			isa = XCBuildConfiguration;
			buildSettings = {
				ALWAYS_SEARCH_USER_PATHS = NO;
				CLANG_ANALYZER_NONNULL = YES;
				CLANG_CXX_LANGUAGE_STANDARD = "gnu++0x";
				CLANG_CXX_LIBRARY = "libc++";
				CLANG_ENABLE_MODULES = YES;
				CLANG_ENABLE_OBJC_ARC = YES;
				CLANG_WARN_BOOL_CONVERSION = YES;
				CLANG_WARN_CONSTANT_CONVERSION = YES;
				CLANG_WARN_DIRECT_OBJC_ISA_USAGE = YES_ERROR;
				CLANG_WARN_EMPTY_BODY = YES;
				CLANG_WARN_ENUM_CONVERSION = YES;
				CLANG_WARN_INT_CONVERSION = YES;
				CLANG_WARN_OBJC_ROOT_CLASS = YES_ERROR;
				CLANG_WARN_UNREACHABLE_CODE = YES;
				CLANG_WARN__DUPLICATE_METHOD_MATCH = YES;
				"CODE_SIGN_IDENTITY[sdk=iphoneos*]" = "iPhone Developer";
				COPY_PHASE_STRIP = NO;
				DEBUG_INFORMATION_FORMAT = "dwarf-with-dsym";
				ENABLE_NS_ASSERTIONS = NO;
				ENABLE_STRICT_OBJC_MSGSEND = YES;
				GCC_C_LANGUAGE_STANDARD = gnu99;
				GCC_NO_COMMON_BLOCKS = YES;
				GCC_WARN_64_TO_32_BIT_CONVERSION = YES;
				GCC_WARN_ABOUT_RETURN_TYPE = YES_ERROR;
				GCC_WARN_UNDECLARED_SELECTOR = YES;
				GCC_WARN_UNINITIALIZED_AUTOS = YES_AGGRESSIVE;
				GCC_WARN_UNUSED_FUNCTION = YES;
				GCC_WARN_UNUSED_VARIABLE = YES;
				IPHONEOS_DEPLOYMENT_TARGET = 9.3;
				MTL_ENABLE_DEBUG_INFO = NO;
				SDKROOT = iphoneos;
				TARGETED_DEVICE_FAMILY = "1,2";
				VALIDATE_PRODUCT = YES;
			};
			name = Release;
		};
		207C3D131D7ECA69002B24C6 /* Debug */ = {
			isa = XCBuildConfiguration;
			baseConfigurationReference = 6A148D9205A9F96C11322180 /* Pods-J2ObjCTest.debug.xcconfig */;
			buildSettings = {
				ASSETCATALOG_COMPILER_APPICON_NAME = AppIcon;
				FRAMEWORK_SEARCH_PATHS = (
					"$(inherited)",
					"$(PODS_ROOT)/J2ObjC-Framework/Distributive/frameworks",
				);
				HEADER_SEARCH_PATHS = (
					"$(inherited)",
					"$(PODS_ROOT)/J2ObjC-Framework/Distributive/include",
				);
				INFOPLIST_FILE = J2ObjCTest/Info.plist;
				LD_RUNPATH_SEARCH_PATHS = "$(inherited) @executable_path/Frameworks";
				LIBRARY_SEARCH_PATHS = "$(PODS_ROOT)/J2ObjC-Framework/Distributive/lib";
				OTHER_LDFLAGS = (
					"$(inherited)",
					"-l\"icucore\"",
					"-l\"z\"",
					"-framework",
					"\"Security\"",
					"-ljre_emul",
				);
				PRODUCT_BUNDLE_IDENTIFIER = Tacx.J2ObjCTest;
				PRODUCT_NAME = "$(TARGET_NAME)";
			};
			name = Debug;
		};
		207C3D141D7ECA69002B24C6 /* Release */ = {
			isa = XCBuildConfiguration;
			baseConfigurationReference = C5096079BF5A232DE882453F /* Pods-J2ObjCTest.release.xcconfig */;
			buildSettings = {
				ASSETCATALOG_COMPILER_APPICON_NAME = AppIcon;
				FRAMEWORK_SEARCH_PATHS = (
					"$(inherited)",
					"$(PODS_ROOT)/J2ObjC-Framework/Distributive/frameworks",
				);
				HEADER_SEARCH_PATHS = (
					"$(inherited)",
					"$(PODS_ROOT)/J2ObjC-Framework/Distributive/include",
				);
				INFOPLIST_FILE = J2ObjCTest/Info.plist;
				LD_RUNPATH_SEARCH_PATHS = "$(inherited) @executable_path/Frameworks";
				LIBRARY_SEARCH_PATHS = "$(PODS_ROOT)/J2ObjC-Framework/Distributive/lib";
				OTHER_LDFLAGS = (
					"$(inherited)",
					"-l\"icucore\"",
					"-l\"z\"",
					"-framework",
					"\"Security\"",
					"-ljre_emul",
				);
				PRODUCT_BUNDLE_IDENTIFIER = Tacx.J2ObjCTest;
				PRODUCT_NAME = "$(TARGET_NAME)";
			};
			name = Release;
		};
		207C3D161D7ECA69002B24C6 /* Debug */ = {
			isa = XCBuildConfiguration;
			baseConfigurationReference = C643ADC664B39368260BB108 /* Pods-J2ObjCTestTests.debug.xcconfig */;
			buildSettings = {
				BUNDLE_LOADER = "$(TEST_HOST)";
				INFOPLIST_FILE = J2ObjCTestTests/Info.plist;
				LD_RUNPATH_SEARCH_PATHS = "$(inherited) @executable_path/Frameworks @loader_path/Frameworks";
				PRODUCT_BUNDLE_IDENTIFIER = Tacx.J2ObjCTestTests;
				PRODUCT_NAME = "$(TARGET_NAME)";
				TEST_HOST = "$(BUILT_PRODUCTS_DIR)/J2ObjCTest.app/J2ObjCTest";
			};
			name = Debug;
		};
		207C3D171D7ECA69002B24C6 /* Release */ = {
			isa = XCBuildConfiguration;
			baseConfigurationReference = 6C621CB3F02D441DE5BE96CB /* Pods-J2ObjCTestTests.release.xcconfig */;
			buildSettings = {
				BUNDLE_LOADER = "$(TEST_HOST)";
				INFOPLIST_FILE = J2ObjCTestTests/Info.plist;
				LD_RUNPATH_SEARCH_PATHS = "$(inherited) @executable_path/Frameworks @loader_path/Frameworks";
				PRODUCT_BUNDLE_IDENTIFIER = Tacx.J2ObjCTestTests;
				PRODUCT_NAME = "$(TARGET_NAME)";
				TEST_HOST = "$(BUILT_PRODUCTS_DIR)/J2ObjCTest.app/J2ObjCTest";
			};
			name = Release;
		};
		207C3D191D7ECA69002B24C6 /* Debug */ = {
			isa = XCBuildConfiguration;
			buildSettings = {
				INFOPLIST_FILE = J2ObjCTestUITests/Info.plist;
				LD_RUNPATH_SEARCH_PATHS = "$(inherited) @executable_path/Frameworks @loader_path/Frameworks";
				PRODUCT_BUNDLE_IDENTIFIER = Tacx.J2ObjCTestUITests;
				PRODUCT_NAME = "$(TARGET_NAME)";
				TEST_TARGET_NAME = J2ObjCTest;
			};
			name = Debug;
		};
		207C3D1A1D7ECA69002B24C6 /* Release */ = {
			isa = XCBuildConfiguration;
			buildSettings = {
				INFOPLIST_FILE = J2ObjCTestUITests/Info.plist;
				LD_RUNPATH_SEARCH_PATHS = "$(inherited) @executable_path/Frameworks @loader_path/Frameworks";
				PRODUCT_BUNDLE_IDENTIFIER = Tacx.J2ObjCTestUITests;
				PRODUCT_NAME = "$(TARGET_NAME)";
				TEST_TARGET_NAME = J2ObjCTest;
			};
			name = Release;
		};
/* End XCBuildConfiguration section */

/* Begin XCConfigurationList section */
		207C3CE01D7ECA69002B24C6 /* Build configuration list for PBXProject "J2ObjCTest" */ = {
			isa = XCConfigurationList;
			buildConfigurations = (
				207C3D101D7ECA69002B24C6 /* Debug */,
				207C3D111D7ECA69002B24C6 /* Release */,
			);
			defaultConfigurationIsVisible = 0;
			defaultConfigurationName = Release;
		};
		207C3D121D7ECA69002B24C6 /* Build configuration list for PBXNativeTarget "J2ObjCTest" */ = {
			isa = XCConfigurationList;
			buildConfigurations = (
				207C3D131D7ECA69002B24C6 /* Debug */,
				207C3D141D7ECA69002B24C6 /* Release */,
			);
			defaultConfigurationIsVisible = 0;
			defaultConfigurationName = Release;
		};
		207C3D151D7ECA69002B24C6 /* Build configuration list for PBXNativeTarget "J2ObjCTestTests" */ = {
			isa = XCConfigurationList;
			buildConfigurations = (
				207C3D161D7ECA69002B24C6 /* Debug */,
				207C3D171D7ECA69002B24C6 /* Release */,
			);
			defaultConfigurationIsVisible = 0;
			defaultConfigurationName = Release;
		};
		207C3D181D7ECA69002B24C6 /* Build configuration list for PBXNativeTarget "J2ObjCTestUITests" */ = {
			isa = XCConfigurationList;
			buildConfigurations = (
				207C3D191D7ECA69002B24C6 /* Debug */,
				207C3D1A1D7ECA69002B24C6 /* Release */,
			);
			defaultConfigurationIsVisible = 0;
			defaultConfigurationName = Release;
		};
/* End XCConfigurationList section */
	};
	rootObject = 207C3CDD1D7ECA69002B24C6 /* Project object */;
}
